
Microsoft Visual Studio Solution File, Format Version 12.00
# Visual Studio Version 16
VisualStudioVersion = 16.0.31702.278
MinimumVisualStudioVersion = 10.0.40219.1
Project("{FAE04EC0-301F-11D3-BF4B-00C04F79EFBC}") = "ContactBook", "ContactBook\ContactBook.csproj", "{7D75FD2D-08EE-4316-AB4D-7F980B2D4B09}"
EndProject
Global
	GlobalSection(SolutionConfigurationPlatforms) = preSolution
		Debug|Any CPU = Debug|Any CPU
		Release|Any CPU = Release|Any CPU
	EndGlobalSection
	GlobalSection(ProjectConfigurationPlatforms) = postSolution
		{7D75FD2D-08EE-4316-AB4D-7F980B2D4B09}.Debug|Any CPU.ActiveCfg = Debug|Any CPU
		{7D75FD2D-08EE-4316-AB4D-7F980B2D4B09}.Debug|Any CPU.Build.0 = Debug|Any CPU
		{7D75FD2D-08EE-4316-AB4D-7F980B2D4B09}.Release|Any CPU.ActiveCfg = Release|Any CPU
		{7D75FD2D-08EE-4316-AB4D-7F980B2D4B09}.Release|Any CPU.Build.0 = Release|Any CPU
	EndGlobalSection
	GlobalSection(SolutionProperties) = preSolution
		HideSolutionNode = FALSE
	EndGlobalSection
	GlobalSection(ExtensibilityGlobals) = postSolution
		SolutionGuid = {CCCD4A4D-D38E-4F0A-830B-483681F6207F}
	EndGlobalSection
EndGlobal
